// !$*UTF8*$!
{
	archiveVersion = 1;
	classes = {
	};
	objectVersion = 48;
	objects = {

/* Begin PBXBuildFile section */
		C419DB701F267BEC00DD5658 /* AppDelegate.swift in Sources */ = {isa = PBXBuildFile; fileRef = C419DB6F1F267BEC00DD5658 /* AppDelegate.swift */; };
		C419DB721F267BEC00DD5658 /* ViewController.swift in Sources */ = {isa = PBXBuildFile; fileRef = C419DB711F267BEC00DD5658 /* ViewController.swift */; };
		C419DB751F267BEC00DD5658 /* Main.storyboard in Resources */ = {isa = PBXBuildFile; fileRef = C419DB731F267BEC00DD5658 /* Main.storyboard */; };
		C419DB771F267BEC00DD5658 /* Assets.xcassets in Resources */ = {isa = PBXBuildFile; fileRef = C419DB761F267BEC00DD5658 /* Assets.xcassets */; };
		C419DB7A1F267BEC00DD5658 /* LaunchScreen.storyboard in Resources */ = {isa = PBXBuildFile; fileRef = C419DB781F267BEC00DD5658 /* LaunchScreen.storyboard */; };
/* End PBXBuildFile section */

/* Begin PBXFileReference section */
		C419DB6C1F267BEC00DD5658 /* swift fun.app */ = {isa = PBXFileReference; explicitFileType = wrapper.application; includeInIndex = 0; path = "swift fun.app"; sourceTree = BUILT_PRODUCTS_DIR; };
		C419DB6F1F267BEC00DD5658 /* AppDelegate.swift */ = {isa = PBXFileReference; lastKnownFileType = sourcecode.swift; path = AppDelegate.swift; sourceTree = "<group>"; };
		C419DB711F267BEC00DD5658 /* ViewController.swift */ = {isa = PBXFileReference; lastKnownFileType = sourcecode.swift; path = ViewController.swift; sourceTree = "<group>"; };
		C419DB741F267BEC00DD5658 /* Base */ = {isa = PBXFileReference; lastKnownFileType = file.storyboard; name = Base; path = Base.lproj/Main.storyboard; sourceTree = "<group>"; };
		C419DB761F267BEC00DD5658 /* Assets.xcassets */ = {isa = PBXFileReference; lastKnownFileType = folder.assetcatalog; path = Assets.xcassets; sourceTree = "<group>"; };
		C419DB791F267BEC00DD5658 /* Base */ = {isa = PBXFileReference; lastKnownFileType = file.storyboard; name = Base; path = Base.lproj/LaunchScreen.storyboard; sourceTree = "<group>"; };
		C419DB7B1F267BEC00DD5658 /* Info.plist */ = {isa = PBXFileReference; lastKnownFileType = text.plist.xml; path = Info.plist; sourceTree = "<group>"; };
/* End PBXFileReference section */

/* Begin PBXFrameworksBuildPhase section */
		C419DB691F267BEC00DD5658 /* Frameworks */ = {
			isa = PBXFrameworksBuildPhase;
			buildActionMask = 2147483647;
			files = (
			);
			runOnlyForDeploymentPostprocessing = 0;
		};
/* End PBXFrameworksBuildPhase section */

/* Begin PBXGroup section */
		C419DB631F267BEC00DD5658 = {
			isa = PBXGroup;
			children = (
				C419DB6E1F267BEC00DD5658 /* swift fun */,
				C419DB6D1F267BEC00DD5658 /* Products */,
			);
			sourceTree = "<group>";
		};
		C419DB6D1F267BEC00DD5658 /* Products */ = {
			isa = PBXGroup;
			children = (
				C419DB6C1F267BEC00DD5658 /* swift fun.app */,
			);
			name = Products;
			sourceTree = "<group>";
		};
		C419DB6E1F267BEC00DD5658 /* swift fun */ = {
			isa = PBXGroup;
			children = (
				C419DB6F1F267BEC00DD5658 /* AppDelegate.swift */,
				C419DB711F267BEC00DD5658 /* ViewController.swift */,
				C419DB731F267BEC00DD5658 /* Main.storyboard */,
				C419DB761F267BEC00DD5658 /* Assets.xcassets */,
				C419DB781F267BEC00DD5658 /* LaunchScreen.storyboard */,
				C419DB7B1F267BEC00DD5658 /* Info.plist */,
			);
			path = "swift fun";
			sourceTree = "<group>";
		};
/* End PBXGroup section */

/* Begin PBXNativeTarget section */
		C419DB6B1F267BEC00DD5658 /* swift fun */ = {
			isa = PBXNativeTarget;
			buildConfigurationList = C419DB7E1F267BEC00DD5658 /* Build configuration list for PBXNativeTarget "swift fun" */;
			buildPhases = (
				C419DB681F267BEC00DD5658 /* Sources */,
				C419DB691F267BEC00DD5658 /* Frameworks */,
				C419DB6A1F267BEC00DD5658 /* Resources */,
			);
			buildRules = (
			);
			dependencies = (
			);
			name = "swift fun";
			productName = "swift fun";
			productReference = C419DB6C1F267BEC00DD5658 /* swift fun.app */;
			productType = "com.apple.product-type.application";
		};
/* End PBXNativeTarget section */

/* Begin PBXProject section */
		C419DB641F267BEC00DD5658 /* Project object */ = {
			isa = PBXProject;
			attributes = {
				LastSwiftUpdateCheck = 0900;
				LastUpgradeCheck = 0900;
				ORGANIZATIONNAME = "Hector Cosme";
				TargetAttributes = {
					C419DB6B1F267BEC00DD5658 = {
						CreatedOnToolsVersion = 9.0;
					};
				};
			};
			buildConfigurationList = C419DB671F267BEC00DD5658 /* Build configuration list for PBXProject "swift fun" */;
			compatibilityVersion = "Xcode 8.0";
			developmentRegion = en;
			hasScannedForEncodings = 0;
			knownRegions = (
				en,
				Base,
			);
			mainGroup = C419DB631F267BEC00DD5658;
			productRefGroup = C419DB6D1F267BEC00DD5658 /* Products */;
			projectDirPath = "";
			projectRoot = "";
			targets = (
				C419DB6B1F267BEC00DD5658 /* swift fun */,
			);
		};
/* End PBXProject section */

/* Begin PBXResourcesBuildPhase section */
		C419DB6A1F267BEC00DD5658 /* Resources */ = {
			isa = PBXResourcesBuildPhase;
			buildActionMask = 2147483647;
			files = (
				C419DB7A1F267BEC00DD5658 /* LaunchScreen.storyboard in Resources */,
				C419DB771F267BEC00DD5658 /* Assets.xcassets in Resources */,
				C419DB751F267BEC00DD5658 /* Main.storyboard in Resources */,
			);
			runOnlyForDeploymentPostprocessing = 0;
		};
/* End PBXResourcesBuildPhase section */

/* Begin PBXSourcesBuildPhase section */
		C419DB681F267BEC00DD5658 /* Sources */ = {
			isa = PBXSourcesBuildPhase;
			buildActionMask = 2147483647;
			files = (
				C419DB721F267BEC00DD5658 /* ViewController.swift in Sources */,
				C419DB701F267BEC00DD5658 /* AppDelegate.swift in Sources */,
			);
			runOnlyForDeploymentPostprocessing = 0;
		};
/* End PBXSourcesBuildPhase section */

/* Begin PBXVariantGroup section */
		C419DB731F267BEC00DD5658 /* Main.storyboard */ = {
			isa = PBXVariantGroup;
			children = (
				C419DB741F267BEC00DD5658 /* Base */,
			);
			name = Main.storyboard;
			sourceTree = "<group>";
		};
		C419DB781F267BEC00DD5658 /* LaunchScreen.storyboard */ = {
			isa = PBXVariantGroup;
			children = (
				C419DB791F267BEC00DD5658 /* Base */,
			);
			name = LaunchScreen.storyboard;
			sourceTree = "<group>";
		};
/* End PBXVariantGroup section */

/* Begin XCBuildConfiguration section */
		C419DB7C1F267BEC00DD5658 /* Debug */ = {
			isa = XCBuildConfiguration;
			buildSettings = {
				ALWAYS_SEARCH_USER_PATHS = NO;
				CLANG_ANALYZER_NONNULL = YES;
				CLANG_ANALYZER_NUMBER_OBJECT_CONVERSION = YES_AGGRESSIVE;
				CLANG_CXX_LANGUAGE_STANDARD = "gnu++14";
				CLANG_CXX_LIBRARY = "libc++";
				CLANG_ENABLE_MODULES = YES;
				CLANG_ENABLE_OBJC_ARC = YES;
				CLANG_WARN_BLOCK_CAPTURE_AUTORELEASING = YES;
				CLANG_WARN_BOOL_CONVERSION = YES;
				CLANG_WARN_COMMA = YES;
				CLANG_WARN_CONSTANT_CONVERSION = YES;
				CLANG_WARN_DIRECT_OBJC_ISA_USAGE = YES_ERROR;
				CLANG_WARN_DOCUMENTATION_COMMENTS = YES;
				CLANG_WARN_EMPTY_BODY = YES;
				CLANG_WARN_ENUM_CONVERSION = YES;
				CLANG_WARN_INFINITE_RECURSION = YES;
				CLANG_WARN_INT_CONVERSION = YES;
				CLANG_WARN_NON_LITERAL_NULL_CONVERSION = YES;
				CLANG_WARN_OBJC_LITERAL_CONVERSION = YES;
				CLANG_WARN_OBJC_ROOT_CLASS = YES_ERROR;
				CLANG_WARN_RANGE_LOOP_ANALYSIS = YES;
				CLANG_WARN_STRICT_PROTOTYPES = YES;
				CLANG_WARN_SUSPICIOUS_MOVE = YES;
				CLANG_WARN_UNGUARDED_AVAILABILITY = YES_AGGRESSIVE;
				CLANG_WARN_UNREACHABLE_CODE = YES;
				CLANG_WARN__DUPLICATE_METHOD_MATCH = YES;
				CODE_SIGN_IDENTITY = "iPhone Developer";
				COPY_PHASE_STRIP = NO;
				DEBUG_INFORMATION_FORMAT = dwarf;
				ENABLE_STRICT_OBJC_MSGSEND = YES;
				ENABLE_TESTABILITY = YES;
				GCC_C_LANGUAGE_STANDARD = gnu11;
				GCC_DYNAMIC_NO_PIC = NO;
				GCC_NO_COMMON_BLOCKS = YES;
				GCC_OPTIMIZATION_LEVEL = 0;
				GCC_PREPROCESSOR_DEFINITIONS = (
					"DEBUG=1",
					"$(inherited)",
				);
				GCC_WARN_64_TO_32_BIT_CONVERSION = YES;
				GCC_WARN_ABOUT_RETURN_TYPE = YES_ERROR;
				GCC_WARN_UNDECLARED_SELECTOR = YES;
				GCC_WARN_UNINITIALIZED_AUTOS = YES_AGGRESSIVE;
				GCC_WARN_UNUSED_FUNCTION = YES;
				GCC_WARN_UNUSED_VARIABLE = YES;
				IPHONEOS_DEPLOYMENT_TARGET = 11.0;
				MTL_ENABLE_DEBUG_INFO = YES;
				ONLY_ACTIVE_ARCH = YES;
				SDKROOT = iphoneos;
				SWIFT_ACTIVE_COMPILATION_CONDITIONS = DEBUG;
				SWIFT_OPTIMIZATION_LEVEL = "-Onone";
			};
			name = Debug;
		};
		C419DB7D1F267BEC00DD5658 /* Release */ = {
			isa = XCBuildConfiguration;
			buildSettings = {
				ALWAYS_SEARCH_USER_PATHS = NO;
				CLANG_ANALYZER_NONNULL = YES;
				CLANG_ANALYZER_NUMBER_OBJECT_CONVERSION = YES_AGGRESSIVE;
				CLANG_CXX_LANGUAGE_STANDARD = "gnu++14";
				CLANG_CXX_LIBRARY = "libc++";
				CLANG_ENABLE_MODULES = YES;
				CLANG_ENABLE_OBJC_ARC = YES;
				CLANG_WARN_BLOCK_CAPTURE_AUTORELEASING = YES;
				CLANG_WARN_BOOL_CONVERSION = YES;
				CLANG_WARN_COMMA = YES;
				CLANG_WARN_CONSTANT_CONVERSION = YES;
				CLANG_WARN_DIRECT_OBJC_ISA_USAGE = YES_ERROR;
				CLANG_WARN_DOCUMENTATION_COMMENTS = YES;
				CLANG_WARN_EMPTY_BODY = YES;
				CLANG_WARN_ENUM_CONVERSION = YES;
				CLANG_WARN_INFINITE_RECURSION = YES;
				CLANG_WARN_INT_CONVERSION = YES;
				CLANG_WARN_NON_LITERAL_NULL_CONVERSION = YES;
				CLANG_WARN_OBJC_LITERAL_CONVERSION = YES;
				CLANG_WARN_OBJC_ROOT_CLASS = YES_ERROR;
				CLANG_WARN_RANGE_LOOP_ANALYSIS = YES;
				CLANG_WARN_STRICT_PROTOTYPES = YES;
				CLANG_WARN_SUSPICIOUS_MOVE = YES;
				CLANG_WARN_UNGUARDED_AVAILABILITY = YES_AGGRESSIVE;
				CLANG_WARN_UNREACHABLE_CODE = YES;
				CLANG_WARN__DUPLICATE_METHOD_MATCH = YES;
				CODE_SIGN_IDENTITY = "iPhone Developer";
				COPY_PHASE_STRIP = NO;
				DEBUG_INFORMATION_FORMAT = "dwarf-with-dsym";
				ENABLE_NS_ASSERTIONS = NO;
				ENABLE_STRICT_OBJC_MSGSEND = YES;
				GCC_C_LANGUAGE_STANDARD = gnu11;
				GCC_NO_COMMON_BLOCKS = YES;
				GCC_WARN_64_TO_32_BIT_CONVERSION = YES;
				GCC_WARN_ABOUT_RETURN_TYPE = YES_ERROR;
				GCC_WARN_UNDECLARED_SELECTOR = YES;
				GCC_WARN_UNINITIALIZED_AUTOS = YES_AGGRESSIVE;
				GCC_WARN_UNUSED_FUNCTION = YES;
				GCC_WARN_UNUSED_VARIABLE = YES;
				IPHONEOS_DEPLOYMENT_TARGET = 11.0;
				MTL_ENABLE_DEBUG_INFO = NO;
				SDKROOT = iphoneos;
				SWIFT_OPTIMIZATION_LEVEL = "-Owholemodule";
				VALIDATE_PRODUCT = YES;
			};
			name = Release;
		};
		C419DB7F1F267BEC00DD5658 /* Debug */ = {
			isa = XCBuildConfiguration;
			buildSettings = {
				ASSETCATALOG_COMPILER_APPICON_NAME = AppIcon;
				INFOPLIST_FILE = "swift fun/Info.plist";
				LD_RUNPATH_SEARCH_PATHS = "$(inherited) @executable_path/Frameworks";
				PRODUCT_BUNDLE_IDENTIFIER = "com.hcosme.swift-fun";
				PRODUCT_NAME = "$(TARGET_NAME)";
				SWIFT_VERSION = 4.0;
				TARGETED_DEVICE_FAMILY = "1,2";
			};
			name = Debug;
		};
		C419DB801F267BEC00DD5658 /* Release */ = {
			isa = XCBuildConfiguration;
			buildSettings = {
				ASSETCATALOG_COMPILER_APPICON_NAME = AppIcon;
				INFOPLIST_FILE = "swift fun/Info.plist";
				LD_RUNPATH_SEARCH_PATHS = "$(inherited) @executable_path/Frameworks";
				PRODUCT_BUNDLE_IDENTIFIER = "com.hcosme.swift-fun";
				PRODUCT_NAME = "$(TARGET_NAME)";
				SWIFT_VERSION = 4.0;
				TARGETED_DEVICE_FAMILY = "1,2";
			};
			name = Release;
		};
/* End XCBuildConfiguration section */

/* Begin XCConfigurationList section */
		C419DB671F267BEC00DD5658 /* Build configuration list for PBXProject "swift fun" */ = {
			isa = XCConfigurationList;
			buildConfigurations = (
				C419DB7C1F267BEC00DD5658 /* Debug */,
				C419DB7D1F267BEC00DD5658 /* Release */,
			);
			defaultConfigurationIsVisible = 0;
			defaultConfigurationName = Release;
		};
		C419DB7E1F267BEC00DD5658 /* Build configuration list for PBXNativeTarget "swift fun" */ = {
			isa = XCConfigurationList;
			buildConfigurations = (
				C419DB7F1F267BEC00DD5658 /* Debug */,
				C419DB801F267BEC00DD5658 /* Release */,
			);
			defaultConfigurationIsVisible = 0;
		};
/* End XCConfigurationList section */
	};
	rootObject = C419DB641F267BEC00DD5658 /* Project object */;
}
